
Microsoft Visual Studio Solution File, Format Version 12.00
# Visual Studio Version 16
VisualStudioVersion = 16.0.29123.88
MinimumVisualStudioVersion = 10.0.40219.1
Project("{9A19103F-16F7-4668-BE54-9A1E7A4F7556}") = "StarBattle", "StarBattle\StarBattle.csproj", "{7C09DA81-350E-48CC-B044-AC079AF943AA}"
EndProject
Global
	GlobalSection(SolutionConfigurationPlatforms) = preSolution
		Debug|Any CPU = Debug|Any CPU
		Release|Any CPU = Release|Any CPU
	EndGlobalSection
	GlobalSection(ProjectConfigurationPlatforms) = postSolution
		{7C09DA81-350E-48CC-B044-AC079AF943AA}.Debug|Any CPU.ActiveCfg = Debug|Any CPU
		{7C09DA81-350E-48CC-B044-AC079AF943AA}.Debug|Any CPU.Build.0 = Debug|Any CPU
		{7C09DA81-350E-48CC-B044-AC079AF943AA}.Release|Any CPU.ActiveCfg = Release|Any CPU
		{7C09DA81-350E-48CC-B044-AC079AF943AA}.Release|Any CPU.Build.0 = Release|Any CPU
	EndGlobalSection
	GlobalSection(SolutionProperties) = preSolution
		HideSolutionNode = FALSE
	EndGlobalSection
	GlobalSection(ExtensibilityGlobals) = postSolution
		SolutionGuid = {C4C4EA16-1F0F-4F7F-BE1D-C167B9EE6EC3}
	EndGlobalSection
EndGlobal
